
Microsoft Visual Studio Solution File, Format Version 12.00
# Visual Studio Version 16
VisualStudioVersion = 16.0.33529.622
MinimumVisualStudioVersion = 10.0.40219.1
Project("{FAE04EC0-301F-11D3-BF4B-00C04F79EFBC}") = "sales", "sales\sales.csproj", "{8CFF3EA7-E629-4ACD-B4CA-8B265F5EFF9A}"
EndProject
Global
	GlobalSection(SolutionConfigurationPlatforms) = preSolution
		Debug|Any CPU = Debug|Any CPU
		Release|Any CPU = Release|Any CPU
	EndGlobalSection
	GlobalSection(ProjectConfigurationPlatforms) = postSolution
		{8CFF3EA7-E629-4ACD-B4CA-8B265F5EFF9A}.Debug|Any CPU.ActiveCfg = Debug|Any CPU
		{8CFF3EA7-E629-4ACD-B4CA-8B265F5EFF9A}.Debug|Any CPU.Build.0 = Debug|Any CPU
		{8CFF3EA7-E629-4ACD-B4CA-8B265F5EFF9A}.Release|Any CPU.ActiveCfg = Release|Any CPU
		{8CFF3EA7-E629-4ACD-B4CA-8B265F5EFF9A}.Release|Any CPU.Build.0 = Release|Any CPU
	EndGlobalSection
	GlobalSection(SolutionProperties) = preSolution
		HideSolutionNode = FALSE
	EndGlobalSection
	GlobalSection(ExtensibilityGlobals) = postSolution
		SolutionGuid = {B548EDFB-7185-447C-AB3A-A050050A42E6}
	EndGlobalSection
EndGlobal
